
Microsoft Visual Studio Solution File, Format Version 12.00
# Visual Studio Version 17
VisualStudioVersion = 17.7.34024.191
MinimumVisualStudioVersion = 10.0.40219.1
Project("{FAE04EC0-301F-11D3-BF4B-00C04F79EFBC}") = "Urnaus.Server", "Urnaus\Server\Urnaus.Server.csproj", "{490CAF6A-FD32-4E17-A1EF-A02C9AA13DA8}"
EndProject
Project("{FAE04EC0-301F-11D3-BF4B-00C04F79EFBC}") = "Urnaus.Client", "Urnaus\Client\Urnaus.Client.csproj", "{5A7CA85A-4A10-4B73-81CD-F1C3DCBACC32}"
EndProject
Project("{FAE04EC0-301F-11D3-BF4B-00C04F79EFBC}") = "Urnaus.Shared", "Urnaus\Shared\Urnaus.Shared.csproj", "{F8738592-DBD9-43A2-949E-EB4D8D0B20FF}"
EndProject
Global
	GlobalSection(SolutionConfigurationPlatforms) = preSolution
		Debug|Any CPU = Debug|Any CPU
		Release|Any CPU = Release|Any CPU
	EndGlobalSection
	GlobalSection(ProjectConfigurationPlatforms) = postSolution
		{490CAF6A-FD32-4E17-A1EF-A02C9AA13DA8}.Debug|Any CPU.ActiveCfg = Debug|Any CPU
		{490CAF6A-FD32-4E17-A1EF-A02C9AA13DA8}.Debug|Any CPU.Build.0 = Debug|Any CPU
		{490CAF6A-FD32-4E17-A1EF-A02C9AA13DA8}.Release|Any CPU.ActiveCfg = Release|Any CPU
		{490CAF6A-FD32-4E17-A1EF-A02C9AA13DA8}.Release|Any CPU.Build.0 = Release|Any CPU
		{5A7CA85A-4A10-4B73-81CD-F1C3DCBACC32}.Debug|Any CPU.ActiveCfg = Debug|Any CPU
		{5A7CA85A-4A10-4B73-81CD-F1C3DCBACC32}.Debug|Any CPU.Build.0 = Debug|Any CPU
		{5A7CA85A-4A10-4B73-81CD-F1C3DCBACC32}.Release|Any CPU.ActiveCfg = Release|Any CPU
		{5A7CA85A-4A10-4B73-81CD-F1C3DCBACC32}.Release|Any CPU.Build.0 = Release|Any CPU
		{F8738592-DBD9-43A2-949E-EB4D8D0B20FF}.Debug|Any CPU.ActiveCfg = Debug|Any CPU
		{F8738592-DBD9-43A2-949E-EB4D8D0B20FF}.Debug|Any CPU.Build.0 = Debug|Any CPU
		{F8738592-DBD9-43A2-949E-EB4D8D0B20FF}.Release|Any CPU.ActiveCfg = Release|Any CPU
		{F8738592-DBD9-43A2-949E-EB4D8D0B20FF}.Release|Any CPU.Build.0 = Release|Any CPU
	EndGlobalSection
	GlobalSection(SolutionProperties) = preSolution
		HideSolutionNode = FALSE
	EndGlobalSection
	GlobalSection(ExtensibilityGlobals) = postSolution
		SolutionGuid = {A41AAC35-E831-4B56-8845-0BD47EEBACA9}
	EndGlobalSection
EndGlobal
